
Microsoft Visual Studio Solution File, Format Version 12.00
Project("{FAE04EC0-301F-11D3-BF4B-00C04F79EFBC}") = "JSorter", "JSorter\JSorter.csproj", "{B33D0ADE-4B9C-449A-B390-E488078428D9}"
EndProject
Project("{FAE04EC0-301F-11D3-BF4B-00C04F79EFBC}") = "JSorter.Test", "..\test\JSorter.Test\JSorter.Test.csproj", "{8CAEB323-E42D-4887-9370-3DFFDED85547}"
EndProject
Project("{FAE04EC0-301F-11D3-BF4B-00C04F79EFBC}") = "JSorter.IntegrationTests", "..\test\JSorter.IntegrationTests\JSorter.IntegrationTests.csproj", "{E54C5F27-AD96-4DE4-9470-5A9F8A8865C6}"
EndProject
Global
	GlobalSection(SolutionConfigurationPlatforms) = preSolution
		Debug|Any CPU = Debug|Any CPU
		Release|Any CPU = Release|Any CPU
	EndGlobalSection
	GlobalSection(ProjectConfigurationPlatforms) = postSolution
		{B33D0ADE-4B9C-449A-B390-E488078428D9}.Debug|Any CPU.ActiveCfg = Debug|Any CPU
		{B33D0ADE-4B9C-449A-B390-E488078428D9}.Debug|Any CPU.Build.0 = Debug|Any CPU
		{B33D0ADE-4B9C-449A-B390-E488078428D9}.Release|Any CPU.ActiveCfg = Release|Any CPU
		{B33D0ADE-4B9C-449A-B390-E488078428D9}.Release|Any CPU.Build.0 = Release|Any CPU
		{8CAEB323-E42D-4887-9370-3DFFDED85547}.Debug|Any CPU.ActiveCfg = Debug|Any CPU
		{8CAEB323-E42D-4887-9370-3DFFDED85547}.Debug|Any CPU.Build.0 = Debug|Any CPU
		{8CAEB323-E42D-4887-9370-3DFFDED85547}.Release|Any CPU.ActiveCfg = Release|Any CPU
		{8CAEB323-E42D-4887-9370-3DFFDED85547}.Release|Any CPU.Build.0 = Release|Any CPU
		{E54C5F27-AD96-4DE4-9470-5A9F8A8865C6}.Debug|Any CPU.ActiveCfg = Debug|Any CPU
		{E54C5F27-AD96-4DE4-9470-5A9F8A8865C6}.Debug|Any CPU.Build.0 = Debug|Any CPU
		{E54C5F27-AD96-4DE4-9470-5A9F8A8865C6}.Release|Any CPU.ActiveCfg = Release|Any CPU
		{E54C5F27-AD96-4DE4-9470-5A9F8A8865C6}.Release|Any CPU.Build.0 = Release|Any CPU
	EndGlobalSection
EndGlobal
